
Microsoft Visual Studio Solution File, Format Version 12.00
# Visual Studio Version 16
VisualStudioVersion = 16.0.31424.327
MinimumVisualStudioVersion = 10.0.40219.1
Project("{9A19103F-16F7-4668-BE54-9A1E7A4F7556}") = "Example1.Server", "Example1\Server\Example1.Server.csproj", "{08A21826-7E9A-4EE5-8A0B-BA258EE9F4B1}"
EndProject
Project("{9A19103F-16F7-4668-BE54-9A1E7A4F7556}") = "Example1.Client", "Example1\Client\Example1.Client.csproj", "{FADB52CB-E9B4-4CA5-B831-18441BE2301A}"
EndProject
Project("{9A19103F-16F7-4668-BE54-9A1E7A4F7556}") = "Example1.Shared", "Example1\Shared\Example1.Shared.csproj", "{9D9A292F-7C32-4E06-AEE9-176C4DC2FAAE}"
EndProject
Project("{2150E333-8FDC-42A3-9474-1A3956D46DE8}") = "Solution Items", "Solution Items", "{FE7EB189-66AC-415A-926F-FD732DFEFB50}"
	ProjectSection(SolutionItems) = preProject
		ReadMe.txt = ReadMe.txt
	EndProjectSection
EndProject
Project("{9A19103F-16F7-4668-BE54-9A1E7A4F7556}") = "StsServerIdentity", "Example1\SecureTokenService\StsServerIdentity.csproj", "{93161F99-4F6D-4939-8B80-358E44798016}"
EndProject
Global
	GlobalSection(SolutionConfigurationPlatforms) = preSolution
		Debug|Any CPU = Debug|Any CPU
		Release|Any CPU = Release|Any CPU
	EndGlobalSection
	GlobalSection(ProjectConfigurationPlatforms) = postSolution
		{08A21826-7E9A-4EE5-8A0B-BA258EE9F4B1}.Debug|Any CPU.ActiveCfg = Debug|Any CPU
		{08A21826-7E9A-4EE5-8A0B-BA258EE9F4B1}.Debug|Any CPU.Build.0 = Debug|Any CPU
		{08A21826-7E9A-4EE5-8A0B-BA258EE9F4B1}.Release|Any CPU.ActiveCfg = Release|Any CPU
		{08A21826-7E9A-4EE5-8A0B-BA258EE9F4B1}.Release|Any CPU.Build.0 = Release|Any CPU
		{FADB52CB-E9B4-4CA5-B831-18441BE2301A}.Debug|Any CPU.ActiveCfg = Debug|Any CPU
		{FADB52CB-E9B4-4CA5-B831-18441BE2301A}.Debug|Any CPU.Build.0 = Debug|Any CPU
		{FADB52CB-E9B4-4CA5-B831-18441BE2301A}.Release|Any CPU.ActiveCfg = Release|Any CPU
		{FADB52CB-E9B4-4CA5-B831-18441BE2301A}.Release|Any CPU.Build.0 = Release|Any CPU
		{9D9A292F-7C32-4E06-AEE9-176C4DC2FAAE}.Debug|Any CPU.ActiveCfg = Debug|Any CPU
		{9D9A292F-7C32-4E06-AEE9-176C4DC2FAAE}.Debug|Any CPU.Build.0 = Debug|Any CPU
		{9D9A292F-7C32-4E06-AEE9-176C4DC2FAAE}.Release|Any CPU.ActiveCfg = Release|Any CPU
		{9D9A292F-7C32-4E06-AEE9-176C4DC2FAAE}.Release|Any CPU.Build.0 = Release|Any CPU
		{93161F99-4F6D-4939-8B80-358E44798016}.Debug|Any CPU.ActiveCfg = Debug|Any CPU
		{93161F99-4F6D-4939-8B80-358E44798016}.Debug|Any CPU.Build.0 = Debug|Any CPU
		{93161F99-4F6D-4939-8B80-358E44798016}.Release|Any CPU.ActiveCfg = Release|Any CPU
		{93161F99-4F6D-4939-8B80-358E44798016}.Release|Any CPU.Build.0 = Release|Any CPU
	EndGlobalSection
	GlobalSection(SolutionProperties) = preSolution
		HideSolutionNode = FALSE
	EndGlobalSection
	GlobalSection(ExtensibilityGlobals) = postSolution
		SolutionGuid = {396B0A51-B709-4BC8-AFE4-C2ADD915C8FE}
	EndGlobalSection
EndGlobal
